
Microsoft Visual Studio Solution File, Format Version 12.00
# Visual Studio Version 17
VisualStudioVersion = 17.0.31903.59
MinimumVisualStudioVersion = 10.0.40219.1
Project("{FAE04EC0-301F-11D3-BF4B-00C04F79EFBC}") = "TFST.API", "src\api\TFST.API\TFST.API.csproj", "{CBBA1A26-49EB-4886-82BE-B01CA3D3967E}"
EndProject
Project("{FAE04EC0-301F-11D3-BF4B-00C04F79EFBC}") = "TFST.Domain", "src\api\TFST.Domain\TFST.Domain.csproj", "{31211CE9-E4AE-6C1B-8ED9-E06F4F086478}"
EndProject
Project("{FAE04EC0-301F-11D3-BF4B-00C04F79EFBC}") = "TFST.Persistence", "src\api\TFST.Persistence\TFST.Persistence.csproj", "{C107AAD2-731E-259F-DCF6-F32CB43538BC}"
EndProject
Project("{2150E333-8FDC-42A3-9474-1A3956D46DE8}") = "Tests", "Tests", "{02EA681E-C7D8-13C7-8484-4AC65E1B71E8}"
EndProject
Project("{FAE04EC0-301F-11D3-BF4B-00C04F79EFBC}") = "TFST.API.UnitTests", "src\api\TFST.API.UnitTests\TFST.API.UnitTests.csproj", "{9CC1CAEE-6607-5BC6-60AA-9C391DDE4E13}"
EndProject
Global
	GlobalSection(SolutionConfigurationPlatforms) = preSolution
		Debug|Any CPU = Debug|Any CPU
		Release|Any CPU = Release|Any CPU
	EndGlobalSection
	GlobalSection(ProjectConfigurationPlatforms) = postSolution
		{CBBA1A26-49EB-4886-82BE-B01CA3D3967E}.Debug|Any CPU.ActiveCfg = Debug|Any CPU
		{CBBA1A26-49EB-4886-82BE-B01CA3D3967E}.Debug|Any CPU.Build.0 = Debug|Any CPU
		{CBBA1A26-49EB-4886-82BE-B01CA3D3967E}.Release|Any CPU.ActiveCfg = Release|Any CPU
		{CBBA1A26-49EB-4886-82BE-B01CA3D3967E}.Release|Any CPU.Build.0 = Release|Any CPU
		{31211CE9-E4AE-6C1B-8ED9-E06F4F086478}.Debug|Any CPU.ActiveCfg = Debug|Any CPU
		{31211CE9-E4AE-6C1B-8ED9-E06F4F086478}.Debug|Any CPU.Build.0 = Debug|Any CPU
		{31211CE9-E4AE-6C1B-8ED9-E06F4F086478}.Release|Any CPU.ActiveCfg = Release|Any CPU
		{31211CE9-E4AE-6C1B-8ED9-E06F4F086478}.Release|Any CPU.Build.0 = Release|Any CPU
		{C107AAD2-731E-259F-DCF6-F32CB43538BC}.Debug|Any CPU.ActiveCfg = Debug|Any CPU
		{C107AAD2-731E-259F-DCF6-F32CB43538BC}.Debug|Any CPU.Build.0 = Debug|Any CPU
		{C107AAD2-731E-259F-DCF6-F32CB43538BC}.Release|Any CPU.ActiveCfg = Release|Any CPU
		{C107AAD2-731E-259F-DCF6-F32CB43538BC}.Release|Any CPU.Build.0 = Release|Any CPU
		{9CC1CAEE-6607-5BC6-60AA-9C391DDE4E13}.Debug|Any CPU.ActiveCfg = Debug|Any CPU
		{9CC1CAEE-6607-5BC6-60AA-9C391DDE4E13}.Debug|Any CPU.Build.0 = Debug|Any CPU
		{9CC1CAEE-6607-5BC6-60AA-9C391DDE4E13}.Release|Any CPU.ActiveCfg = Release|Any CPU
		{9CC1CAEE-6607-5BC6-60AA-9C391DDE4E13}.Release|Any CPU.Build.0 = Release|Any CPU
	EndGlobalSection
	GlobalSection(SolutionProperties) = preSolution
		HideSolutionNode = FALSE
	EndGlobalSection
	GlobalSection(NestedProjects) = preSolution
		{9CC1CAEE-6607-5BC6-60AA-9C391DDE4E13} = {02EA681E-C7D8-13C7-8484-4AC65E1B71E8}
	EndGlobalSection
	GlobalSection(ExtensibilityGlobals) = postSolution
		SolutionGuid = {B512325C-E320-4327-9EF0-FA698E197336}
	EndGlobalSection
EndGlobal
