
Microsoft Visual Studio Solution File, Format Version 12.00
# Visual Studio Version 17
VisualStudioVersion = 17.0.31903.59
MinimumVisualStudioVersion = 10.0.40219.1
Project("{FAE04EC0-301F-11D3-BF4B-00C04F79EFBC}") = "TFST.API", "TFST.API\TFST.API.csproj", "{6C6627C5-B734-48C2-A233-313355253A9A}"
EndProject
Project("{FAE04EC0-301F-11D3-BF4B-00C04F79EFBC}") = "TFST.API.UnitTests", "TFST.API.UnitTests\TFST.API.UnitTests.csproj", "{B1B9239A-C201-44EE-9E5F-984D6DB9B333}"
EndProject
Project("{FAE04EC0-301F-11D3-BF4B-00C04F79EFBC}") = "TFST.API.IntegrationTests", "TFST.API.IntegrationTests\TFST.API.IntegrationTests.csproj", "{D887C80A-41F1-4B8E-9DB3-909BA0D9C331}"
EndProject
Global
	GlobalSection(SolutionConfigurationPlatforms) = preSolution
		Debug|Any CPU = Debug|Any CPU
		Debug|x64 = Debug|x64
		Debug|x86 = Debug|x86
		Release|Any CPU = Release|Any CPU
		Release|x64 = Release|x64
		Release|x86 = Release|x86
	EndGlobalSection
	GlobalSection(ProjectConfigurationPlatforms) = postSolution
		{6C6627C5-B734-48C2-A233-313355253A9A}.Debug|Any CPU.ActiveCfg = Debug|Any CPU
		{6C6627C5-B734-48C2-A233-313355253A9A}.Debug|Any CPU.Build.0 = Debug|Any CPU
		{6C6627C5-B734-48C2-A233-313355253A9A}.Debug|x64.ActiveCfg = Debug|Any CPU
		{6C6627C5-B734-48C2-A233-313355253A9A}.Debug|x64.Build.0 = Debug|Any CPU
		{6C6627C5-B734-48C2-A233-313355253A9A}.Debug|x86.ActiveCfg = Debug|Any CPU
		{6C6627C5-B734-48C2-A233-313355253A9A}.Debug|x86.Build.0 = Debug|Any CPU
		{6C6627C5-B734-48C2-A233-313355253A9A}.Release|Any CPU.ActiveCfg = Release|Any CPU
		{6C6627C5-B734-48C2-A233-313355253A9A}.Release|Any CPU.Build.0 = Release|Any CPU
		{6C6627C5-B734-48C2-A233-313355253A9A}.Release|x64.ActiveCfg = Release|Any CPU
		{6C6627C5-B734-48C2-A233-313355253A9A}.Release|x64.Build.0 = Release|Any CPU
		{6C6627C5-B734-48C2-A233-313355253A9A}.Release|x86.ActiveCfg = Release|Any CPU
		{6C6627C5-B734-48C2-A233-313355253A9A}.Release|x86.Build.0 = Release|Any CPU
		{B1B9239A-C201-44EE-9E5F-984D6DB9B333}.Debug|Any CPU.ActiveCfg = Debug|Any CPU
		{B1B9239A-C201-44EE-9E5F-984D6DB9B333}.Debug|Any CPU.Build.0 = Debug|Any CPU
		{B1B9239A-C201-44EE-9E5F-984D6DB9B333}.Debug|x64.ActiveCfg = Debug|Any CPU
		{B1B9239A-C201-44EE-9E5F-984D6DB9B333}.Debug|x64.Build.0 = Debug|Any CPU
		{B1B9239A-C201-44EE-9E5F-984D6DB9B333}.Debug|x86.ActiveCfg = Debug|Any CPU
		{B1B9239A-C201-44EE-9E5F-984D6DB9B333}.Debug|x86.Build.0 = Debug|Any CPU
		{B1B9239A-C201-44EE-9E5F-984D6DB9B333}.Release|Any CPU.ActiveCfg = Release|Any CPU
		{B1B9239A-C201-44EE-9E5F-984D6DB9B333}.Release|Any CPU.Build.0 = Release|Any CPU
		{B1B9239A-C201-44EE-9E5F-984D6DB9B333}.Release|x64.ActiveCfg = Release|Any CPU
		{B1B9239A-C201-44EE-9E5F-984D6DB9B333}.Release|x64.Build.0 = Release|Any CPU
		{B1B9239A-C201-44EE-9E5F-984D6DB9B333}.Release|x86.ActiveCfg = Release|Any CPU
		{B1B9239A-C201-44EE-9E5F-984D6DB9B333}.Release|x86.Build.0 = Release|Any CPU
		{D887C80A-41F1-4B8E-9DB3-909BA0D9C331}.Debug|Any CPU.ActiveCfg = Debug|Any CPU
		{D887C80A-41F1-4B8E-9DB3-909BA0D9C331}.Debug|Any CPU.Build.0 = Debug|Any CPU
		{D887C80A-41F1-4B8E-9DB3-909BA0D9C331}.Debug|x64.ActiveCfg = Debug|Any CPU
		{D887C80A-41F1-4B8E-9DB3-909BA0D9C331}.Debug|x64.Build.0 = Debug|Any CPU
		{D887C80A-41F1-4B8E-9DB3-909BA0D9C331}.Debug|x86.ActiveCfg = Debug|Any CPU
		{D887C80A-41F1-4B8E-9DB3-909BA0D9C331}.Debug|x86.Build.0 = Debug|Any CPU
		{D887C80A-41F1-4B8E-9DB3-909BA0D9C331}.Release|Any CPU.ActiveCfg = Release|Any CPU
		{D887C80A-41F1-4B8E-9DB3-909BA0D9C331}.Release|Any CPU.Build.0 = Release|Any CPU
		{D887C80A-41F1-4B8E-9DB3-909BA0D9C331}.Release|x64.ActiveCfg = Release|Any CPU
		{D887C80A-41F1-4B8E-9DB3-909BA0D9C331}.Release|x64.Build.0 = Release|Any CPU
		{D887C80A-41F1-4B8E-9DB3-909BA0D9C331}.Release|x86.ActiveCfg = Release|Any CPU
		{D887C80A-41F1-4B8E-9DB3-909BA0D9C331}.Release|x86.Build.0 = Release|Any CPU
	EndGlobalSection
	GlobalSection(SolutionProperties) = preSolution
		HideSolutionNode = FALSE
	EndGlobalSection
	GlobalSection(NestedProjects) = preSolution
		{6C6627C5-B734-48C2-A233-313355253A9A} = {827E0CD3-B72D-47B6-A68D-7590B98EB39B}
		{B1B9239A-C201-44EE-9E5F-984D6DB9B333} = {827E0CD3-B72D-47B6-A68D-7590B98EB39B}
		{D887C80A-41F1-4B8E-9DB3-909BA0D9C331} = {827E0CD3-B72D-47B6-A68D-7590B98EB39B}
	EndGlobalSection
EndGlobal
