
Microsoft Visual Studio Solution File, Format Version 12.00
# Visual Studio Version 17
VisualStudioVersion = 17.0.31903.59
MinimumVisualStudioVersion = 10.0.40219.1
Project("{2150E333-8FDC-42A3-9474-1A3956D46DE8}") = "Solution Items", "Solution Items", "{02EA681E-C7D8-13C7-8484-4AC65E1B71E8}"
EndProject
Project("{2150E333-8FDC-42A3-9474-1A3956D46DE8}") = "API", "API", "{7E38A6B7-7D0B-4645-B1A7-003B4F7954FF}"
EndProject
Project("{2150E333-8FDC-42A3-9474-1A3956D46DE8}") = "IdentityServer", "IdentityServer", "{586F961C-AE40-4725-AA81-DCA30FF4FBF2}"
EndProject
Project("{2150E333-8FDC-42A3-9474-1A3956D46DE8}") = "src", "src", "{26398278-34BE-48C1-8B5A-8671D17C961C}"
EndProject
Project("{2150E333-8FDC-42A3-9474-1A3956D46DE8}") = "test", "test", "{B8139FA0-F65F-4165-9124-8BF32A089EA4}"
EndProject
Project("{2150E333-8FDC-42A3-9474-1A3956D46DE8}") = "Modules", "Modules", "{DB9A3ECD-3394-4805-901C-86989A7637DE}"
EndProject
Project("{2150E333-8FDC-42A3-9474-1A3956D46DE8}") = "Users", "Users", "{8144A418-7F3B-4E64-AD23-41A831633F53}"
EndProject
Project("{FAE04EC0-301F-11D3-BF4B-00C04F79EFBC}") = "TFST.API", "backend\TFST.API\TFST.API.csproj", "{883F3E35-7EAA-20C5-C665-DC0B5944897E}"
EndProject
Project("{FAE04EC0-301F-11D3-BF4B-00C04F79EFBC}") = "TFST.Modules.Users.Application", "backend\TFST.Modules.Users.Application\TFST.Modules.Users.Application.csproj", "{F4A3CB0E-5DA9-2C07-5B33-B821585D284E}"
EndProject
Project("{FAE04EC0-301F-11D3-BF4B-00C04F79EFBC}") = "TFST.Modules.Users.Domain", "backend\TFST.Modules.Users.Domain\TFST.Modules.Users.Domain.csproj", "{6216DEEB-5BCB-43F2-F62A-B5AE156966EA}"
EndProject
Project("{FAE04EC0-301F-11D3-BF4B-00C04F79EFBC}") = "TFST.SharedKernel.Domain", "backend\TFST.SharedKernel.Domain\TFST.SharedKernel.Domain.csproj", "{F1D223F0-901D-9936-98BF-594EF67BD28D}"
EndProject
Project("{2150E333-8FDC-42A3-9474-1A3956D46DE8}") = "Common", "Common", "{6E2EA680-3804-42CA-8486-124CB9567D83}"
EndProject
Project("{FAE04EC0-301F-11D3-BF4B-00C04F79EFBC}") = "TFST.Modules.Users.Persistence", "backend\TFST.Modules.Users.Persistence\TFST.Modules.Users.Persistence.csproj", "{FFBADDDF-271B-8DF0-B4C7-565823F0D253}"
EndProject
Project("{FAE04EC0-301F-11D3-BF4B-00C04F79EFBC}") = "TFST.Modules.Users.Presentation", "backend\TFST.Modules.Users.Presentation\TFST.Modules.Users.Presentation.csproj", "{D480954C-39F3-4A1C-B260-839ECC558EE1}"
EndProject
Project("{FAE04EC0-301F-11D3-BF4B-00C04F79EFBC}") = "TFST.SharedKernel.Persistence", "backend\TFST.SharedKernel.Persistence\TFST.SharedKernel.Persistence.csproj", "{5390B346-699B-5930-2B9A-BEA77FD9C8DB}"
EndProject
Project("{FAE04EC0-301F-11D3-BF4B-00C04F79EFBC}") = "TFST.SharedKernel.Presentation", "backend\TFST.SharedKernel.Presentation\TFST.SharedKernel.Presentation.csproj", "{F14D5EE9-2896-4CC1-91DD-6FD54D82D688}"
EndProject
Project("{FAE04EC0-301F-11D3-BF4B-00C04F79EFBC}") = "TFST.SharedKernel.Configuration", "backend\TFST.SharedKernel.Configuration\TFST.SharedKernel.Configuration.csproj", "{E61DA3AA-F5C0-412B-9973-F762A28DD4FA}"
EndProject
Project("{2150E333-8FDC-42A3-9474-1A3956D46DE8}") = "ProfessionalProfiles", "ProfessionalProfiles", "{0241BCBB-060B-474C-BF3F-4E1F3DDCFFE0}"
EndProject
Project("{FAE04EC0-301F-11D3-BF4B-00C04F79EFBC}") = "TFST.Modules.ProfessionalProfiles.Domain", "backend\TFST.Modules.ProfessionalProfiles.Domain\TFST.Modules.ProfessionalProfiles.Domain.csproj", "{FDF19296-C83B-4625-A39F-66D78A57E091}"
EndProject
Project("{FAE04EC0-301F-11D3-BF4B-00C04F79EFBC}") = "TFST.Modules.ProfessionalProfiles.Persistence", "backend\TFST.Modules.ProfessionalProfiles.Persistence\TFST.Modules.ProfessionalProfiles.Persistence.csproj", "{FED8E4E9-D4BB-4081-BDA5-3B374982F2E5}"
EndProject
Global
	GlobalSection(SolutionConfigurationPlatforms) = preSolution
		Debug|Any CPU = Debug|Any CPU
		Release|Any CPU = Release|Any CPU
	EndGlobalSection
	GlobalSection(ProjectConfigurationPlatforms) = postSolution
		{883F3E35-7EAA-20C5-C665-DC0B5944897E}.Debug|Any CPU.ActiveCfg = Debug|Any CPU
		{883F3E35-7EAA-20C5-C665-DC0B5944897E}.Debug|Any CPU.Build.0 = Debug|Any CPU
		{883F3E35-7EAA-20C5-C665-DC0B5944897E}.Release|Any CPU.ActiveCfg = Release|Any CPU
		{883F3E35-7EAA-20C5-C665-DC0B5944897E}.Release|Any CPU.Build.0 = Release|Any CPU
		{F4A3CB0E-5DA9-2C07-5B33-B821585D284E}.Debug|Any CPU.ActiveCfg = Debug|Any CPU
		{F4A3CB0E-5DA9-2C07-5B33-B821585D284E}.Debug|Any CPU.Build.0 = Debug|Any CPU
		{F4A3CB0E-5DA9-2C07-5B33-B821585D284E}.Release|Any CPU.ActiveCfg = Release|Any CPU
		{F4A3CB0E-5DA9-2C07-5B33-B821585D284E}.Release|Any CPU.Build.0 = Release|Any CPU
		{6216DEEB-5BCB-43F2-F62A-B5AE156966EA}.Debug|Any CPU.ActiveCfg = Debug|Any CPU
		{6216DEEB-5BCB-43F2-F62A-B5AE156966EA}.Debug|Any CPU.Build.0 = Debug|Any CPU
		{6216DEEB-5BCB-43F2-F62A-B5AE156966EA}.Release|Any CPU.ActiveCfg = Release|Any CPU
		{6216DEEB-5BCB-43F2-F62A-B5AE156966EA}.Release|Any CPU.Build.0 = Release|Any CPU
		{F1D223F0-901D-9936-98BF-594EF67BD28D}.Debug|Any CPU.ActiveCfg = Debug|Any CPU
		{F1D223F0-901D-9936-98BF-594EF67BD28D}.Debug|Any CPU.Build.0 = Debug|Any CPU
		{F1D223F0-901D-9936-98BF-594EF67BD28D}.Release|Any CPU.ActiveCfg = Release|Any CPU
		{F1D223F0-901D-9936-98BF-594EF67BD28D}.Release|Any CPU.Build.0 = Release|Any CPU
		{FFBADDDF-271B-8DF0-B4C7-565823F0D253}.Debug|Any CPU.ActiveCfg = Debug|Any CPU
		{FFBADDDF-271B-8DF0-B4C7-565823F0D253}.Debug|Any CPU.Build.0 = Debug|Any CPU
		{FFBADDDF-271B-8DF0-B4C7-565823F0D253}.Release|Any CPU.ActiveCfg = Release|Any CPU
		{FFBADDDF-271B-8DF0-B4C7-565823F0D253}.Release|Any CPU.Build.0 = Release|Any CPU
		{D480954C-39F3-4A1C-B260-839ECC558EE1}.Debug|Any CPU.ActiveCfg = Debug|Any CPU
		{D480954C-39F3-4A1C-B260-839ECC558EE1}.Debug|Any CPU.Build.0 = Debug|Any CPU
		{D480954C-39F3-4A1C-B260-839ECC558EE1}.Release|Any CPU.ActiveCfg = Release|Any CPU
		{D480954C-39F3-4A1C-B260-839ECC558EE1}.Release|Any CPU.Build.0 = Release|Any CPU
		{5390B346-699B-5930-2B9A-BEA77FD9C8DB}.Debug|Any CPU.ActiveCfg = Debug|Any CPU
		{5390B346-699B-5930-2B9A-BEA77FD9C8DB}.Debug|Any CPU.Build.0 = Debug|Any CPU
		{5390B346-699B-5930-2B9A-BEA77FD9C8DB}.Release|Any CPU.ActiveCfg = Release|Any CPU
		{5390B346-699B-5930-2B9A-BEA77FD9C8DB}.Release|Any CPU.Build.0 = Release|Any CPU
		{F14D5EE9-2896-4CC1-91DD-6FD54D82D688}.Debug|Any CPU.ActiveCfg = Debug|Any CPU
		{F14D5EE9-2896-4CC1-91DD-6FD54D82D688}.Debug|Any CPU.Build.0 = Debug|Any CPU
		{F14D5EE9-2896-4CC1-91DD-6FD54D82D688}.Release|Any CPU.ActiveCfg = Release|Any CPU
		{F14D5EE9-2896-4CC1-91DD-6FD54D82D688}.Release|Any CPU.Build.0 = Release|Any CPU
		{E61DA3AA-F5C0-412B-9973-F762A28DD4FA}.Debug|Any CPU.ActiveCfg = Debug|Any CPU
		{E61DA3AA-F5C0-412B-9973-F762A28DD4FA}.Debug|Any CPU.Build.0 = Debug|Any CPU
		{E61DA3AA-F5C0-412B-9973-F762A28DD4FA}.Release|Any CPU.ActiveCfg = Release|Any CPU
		{E61DA3AA-F5C0-412B-9973-F762A28DD4FA}.Release|Any CPU.Build.0 = Release|Any CPU
		{FDF19296-C83B-4625-A39F-66D78A57E091}.Debug|Any CPU.ActiveCfg = Debug|Any CPU
		{FDF19296-C83B-4625-A39F-66D78A57E091}.Debug|Any CPU.Build.0 = Debug|Any CPU
		{FDF19296-C83B-4625-A39F-66D78A57E091}.Release|Any CPU.ActiveCfg = Release|Any CPU
		{FDF19296-C83B-4625-A39F-66D78A57E091}.Release|Any CPU.Build.0 = Release|Any CPU
		{FED8E4E9-D4BB-4081-BDA5-3B374982F2E5}.Debug|Any CPU.ActiveCfg = Debug|Any CPU
		{FED8E4E9-D4BB-4081-BDA5-3B374982F2E5}.Debug|Any CPU.Build.0 = Debug|Any CPU
		{FED8E4E9-D4BB-4081-BDA5-3B374982F2E5}.Release|Any CPU.ActiveCfg = Release|Any CPU
		{FED8E4E9-D4BB-4081-BDA5-3B374982F2E5}.Release|Any CPU.Build.0 = Release|Any CPU
	EndGlobalSection
	GlobalSection(SolutionProperties) = preSolution
		HideSolutionNode = FALSE
	EndGlobalSection
	GlobalSection(NestedProjects) = preSolution
		{7E38A6B7-7D0B-4645-B1A7-003B4F7954FF} = {26398278-34BE-48C1-8B5A-8671D17C961C}
		{586F961C-AE40-4725-AA81-DCA30FF4FBF2} = {26398278-34BE-48C1-8B5A-8671D17C961C}
		{DB9A3ECD-3394-4805-901C-86989A7637DE} = {26398278-34BE-48C1-8B5A-8671D17C961C}
		{8144A418-7F3B-4E64-AD23-41A831633F53} = {DB9A3ECD-3394-4805-901C-86989A7637DE}
		{883F3E35-7EAA-20C5-C665-DC0B5944897E} = {7E38A6B7-7D0B-4645-B1A7-003B4F7954FF}
		{F4A3CB0E-5DA9-2C07-5B33-B821585D284E} = {8144A418-7F3B-4E64-AD23-41A831633F53}
		{6216DEEB-5BCB-43F2-F62A-B5AE156966EA} = {8144A418-7F3B-4E64-AD23-41A831633F53}
		{F1D223F0-901D-9936-98BF-594EF67BD28D} = {6E2EA680-3804-42CA-8486-124CB9567D83}
		{6E2EA680-3804-42CA-8486-124CB9567D83} = {26398278-34BE-48C1-8B5A-8671D17C961C}
		{FFBADDDF-271B-8DF0-B4C7-565823F0D253} = {8144A418-7F3B-4E64-AD23-41A831633F53}
		{D480954C-39F3-4A1C-B260-839ECC558EE1} = {8144A418-7F3B-4E64-AD23-41A831633F53}
		{5390B346-699B-5930-2B9A-BEA77FD9C8DB} = {6E2EA680-3804-42CA-8486-124CB9567D83}
		{F14D5EE9-2896-4CC1-91DD-6FD54D82D688} = {6E2EA680-3804-42CA-8486-124CB9567D83}
		{E61DA3AA-F5C0-412B-9973-F762A28DD4FA} = {6E2EA680-3804-42CA-8486-124CB9567D83}
		{0241BCBB-060B-474C-BF3F-4E1F3DDCFFE0} = {DB9A3ECD-3394-4805-901C-86989A7637DE}
		{FDF19296-C83B-4625-A39F-66D78A57E091} = {0241BCBB-060B-474C-BF3F-4E1F3DDCFFE0}
		{FED8E4E9-D4BB-4081-BDA5-3B374982F2E5} = {0241BCBB-060B-474C-BF3F-4E1F3DDCFFE0}
	EndGlobalSection
	GlobalSection(ExtensibilityGlobals) = postSolution
		SolutionGuid = {B512325C-E320-4327-9EF0-FA698E197336}
	EndGlobalSection
EndGlobal
