
Microsoft Visual Studio Solution File, Format Version 12.00
# Visual Studio Version 17
VisualStudioVersion = 17.0.31903.59
MinimumVisualStudioVersion = 10.0.40219.1
Project("{2150E333-8FDC-42A3-9474-1A3956D46DE8}") = "Solution Items", "Solution Items", "{02EA681E-C7D8-13C7-8484-4AC65E1B71E8}"
	ProjectSection(SolutionItems) = preProject
		.editorconfig = .editorconfig
		.env = .env
	EndProjectSection
EndProject
Project("{2150E333-8FDC-42A3-9474-1A3956D46DE8}") = "API", "API", "{7E38A6B7-7D0B-4645-B1A7-003B4F7954FF}"
EndProject
Project("{2150E333-8FDC-42A3-9474-1A3956D46DE8}") = "Auth", "Auth", "{586F961C-AE40-4725-AA81-DCA30FF4FBF2}"
EndProject
Project("{2150E333-8FDC-42A3-9474-1A3956D46DE8}") = "src", "src", "{26398278-34BE-48C1-8B5A-8671D17C961C}"
EndProject
Project("{2150E333-8FDC-42A3-9474-1A3956D46DE8}") = "test", "test", "{B8139FA0-F65F-4165-9124-8BF32A089EA4}"
EndProject
Project("{2150E333-8FDC-42A3-9474-1A3956D46DE8}") = "Modules", "Modules", "{DB9A3ECD-3394-4805-901C-86989A7637DE}"
EndProject
Project("{2150E333-8FDC-42A3-9474-1A3956D46DE8}") = "Users", "Users", "{8144A418-7F3B-4E64-AD23-41A831633F53}"
EndProject
Project("{FAE04EC0-301F-11D3-BF4B-00C04F79EFBC}") = "TFST.API", "backend\TFST.API\TFST.API.csproj", "{883F3E35-7EAA-20C5-C665-DC0B5944897E}"
EndProject
Project("{FAE04EC0-301F-11D3-BF4B-00C04F79EFBC}") = "TFST.Modules.Users.Application", "backend\TFST.Modules.Users.Application\TFST.Modules.Users.Application.csproj", "{F4A3CB0E-5DA9-2C07-5B33-B821585D284E}"
EndProject
Project("{FAE04EC0-301F-11D3-BF4B-00C04F79EFBC}") = "TFST.Modules.Users.Domain", "backend\TFST.Modules.Users.Domain\TFST.Modules.Users.Domain.csproj", "{6216DEEB-5BCB-43F2-F62A-B5AE156966EA}"
EndProject
Project("{FAE04EC0-301F-11D3-BF4B-00C04F79EFBC}") = "TFST.SharedKernel.Domain", "backend\TFST.SharedKernel.Domain\TFST.SharedKernel.Domain.csproj", "{F1D223F0-901D-9936-98BF-594EF67BD28D}"
EndProject
Project("{2150E333-8FDC-42A3-9474-1A3956D46DE8}") = "Common", "Common", "{6E2EA680-3804-42CA-8486-124CB9567D83}"
EndProject
Project("{FAE04EC0-301F-11D3-BF4B-00C04F79EFBC}") = "TFST.Modules.Users.Persistence", "backend\TFST.Modules.Users.Persistence\TFST.Modules.Users.Persistence.csproj", "{FFBADDDF-271B-8DF0-B4C7-565823F0D253}"
EndProject
Project("{FAE04EC0-301F-11D3-BF4B-00C04F79EFBC}") = "TFST.Modules.Users.Presentation", "backend\TFST.Modules.Users.Presentation\TFST.Modules.Users.Presentation.csproj", "{D480954C-39F3-4A1C-B260-839ECC558EE1}"
EndProject
Project("{FAE04EC0-301F-11D3-BF4B-00C04F79EFBC}") = "TFST.SharedKernel.Persistence", "backend\TFST.SharedKernel.Persistence\TFST.SharedKernel.Persistence.csproj", "{5390B346-699B-5930-2B9A-BEA77FD9C8DB}"
EndProject
Project("{FAE04EC0-301F-11D3-BF4B-00C04F79EFBC}") = "TFST.SharedKernel.Presentation", "backend\TFST.SharedKernel.Presentation\TFST.SharedKernel.Presentation.csproj", "{F14D5EE9-2896-4CC1-91DD-6FD54D82D688}"
EndProject
Project("{FAE04EC0-301F-11D3-BF4B-00C04F79EFBC}") = "TFST.SharedKernel.Configuration", "backend\TFST.SharedKernel.Configuration\TFST.SharedKernel.Configuration.csproj", "{E61DA3AA-F5C0-412B-9973-F762A28DD4FA}"
EndProject
Project("{2150E333-8FDC-42A3-9474-1A3956D46DE8}") = "ProfessionalProfiles", "ProfessionalProfiles", "{0241BCBB-060B-474C-BF3F-4E1F3DDCFFE0}"
EndProject
Project("{FAE04EC0-301F-11D3-BF4B-00C04F79EFBC}") = "TFST.Modules.ProfessionalProfiles.Domain", "backend\TFST.Modules.ProfessionalProfiles.Domain\TFST.Modules.ProfessionalProfiles.Domain.csproj", "{FDF19296-C83B-4625-A39F-66D78A57E091}"
EndProject
Project("{FAE04EC0-301F-11D3-BF4B-00C04F79EFBC}") = "TFST.Modules.ProfessionalProfiles.Persistence", "backend\TFST.Modules.ProfessionalProfiles.Persistence\TFST.Modules.ProfessionalProfiles.Persistence.csproj", "{FED8E4E9-D4BB-4081-BDA5-3B374982F2E5}"
EndProject
Project("{E53339B2-1760-4266-BCC7-CA923CBCF16C}") = "docker-compose", "docker-compose.dcproj", "{81DDED9D-158B-E303-5F62-77A2896D2A5A}"
EndProject
Project("{FAE04EC0-301F-11D3-BF4B-00C04F79EFBC}") = "TFST.API.IntegrationTests", "backend\test\TFST.API.IntegrationTests\TFST.API.IntegrationTests.csproj", "{14F8FEAF-947F-BD78-EF8F-048E0800789A}"
EndProject
Project("{FAE04EC0-301F-11D3-BF4B-00C04F79EFBC}") = "TFST.API.Tests", "backend\test\TFST.API.Tests\TFST.API.Tests.csproj", "{EE67B73D-CC07-86A7-75EF-9F9E7F509FAA}"
EndProject
Project("{FAE04EC0-301F-11D3-BF4B-00C04F79EFBC}") = "TFST.API.UnitTests", "backend\test\TFST.API.UnitTests\TFST.API.UnitTests.csproj", "{F8FE8AD6-15FB-4BC1-C7CA-76C2437167E0}"
EndProject
Project("{FAE04EC0-301F-11D3-BF4B-00C04F79EFBC}") = "TFST.Modules.ProfessionalProfiles.Tests", "backend\test\TFST.Modules.ProfessionalProfiles.Tests\TFST.Modules.ProfessionalProfiles.Tests.csproj", "{89E0E40F-EE7B-CA86-9306-50FD7AC46871}"
EndProject
Project("{FAE04EC0-301F-11D3-BF4B-00C04F79EFBC}") = "TFST.Modules.Users.Tests", "backend\test\TFST.Modules.Users.Tests\TFST.Modules.Users.Tests.csproj", "{01AE354A-B4CF-1AD2-42A8-F48B465EFBA0}"
EndProject
Project("{FAE04EC0-301F-11D3-BF4B-00C04F79EFBC}") = "TFST.SharedKernel.Tests", "backend\test\TFST.SharedKernel.Tests\TFST.SharedKernel.Tests.csproj", "{A3733B52-7AA3-AE53-6870-1524EDE359A8}"
EndProject
Project("{FAE04EC0-301F-11D3-BF4B-00C04F79EFBC}") = "TFST.AuthServer", "backend\TFST.AuthServer\TFST.AuthServer.csproj", "{500794A9-6BAD-4F99-D4CF-E10D42FC3D5A}"
EndProject
Project("{FAE04EC0-301F-11D3-BF4B-00C04F79EFBC}") = "TFST.SharedKernel.Hosting", "backend\TFST.SharedKernel.Hosting\TFST.SharedKernel.Hosting.csproj", "{EE311397-EC93-4A05-995F-DA36B51E5E92}"
EndProject
Project("{2150E333-8FDC-42A3-9474-1A3956D46DE8}") = "clients", "clients", "{722B7990-7615-47E4-9298-F445020CB82C}"
EndProject
Project("{E24C65DC-7377-472B-9ABA-BC803B73C61A}") = "tfst-app", "clients\tfst-app\", "{041CF7D2-A34E-A5F2-3658-9835AA3B96FA}"
	ProjectSection(WebsiteProperties) = preProject
		TargetFrameworkMoniker = ".NETFramework,Version%3Dv4.8"
		Debug.AspNetCompiler.VirtualPath = "/localhost_52303"
		Debug.AspNetCompiler.PhysicalPath = "clients\tfst-app\"
		Debug.AspNetCompiler.TargetPath = "PrecompiledWeb\localhost_52303\"
		Debug.AspNetCompiler.Updateable = "true"
		Debug.AspNetCompiler.ForceOverwrite = "true"
		Debug.AspNetCompiler.FixedNames = "false"
		Debug.AspNetCompiler.Debug = "True"
		Release.AspNetCompiler.VirtualPath = "/localhost_52303"
		Release.AspNetCompiler.PhysicalPath = "clients\tfst-app\"
		Release.AspNetCompiler.TargetPath = "PrecompiledWeb\localhost_52303\"
		Release.AspNetCompiler.Updateable = "true"
		Release.AspNetCompiler.ForceOverwrite = "true"
		Release.AspNetCompiler.FixedNames = "false"
		Release.AspNetCompiler.Debug = "False"
		VWDPort = "52303"
	EndProjectSection
EndProject
Global
	GlobalSection(SolutionConfigurationPlatforms) = preSolution
		Debug|Any CPU = Debug|Any CPU
		Debug|x64 = Debug|x64
		Debug|x86 = Debug|x86
		Release|Any CPU = Release|Any CPU
		Release|x64 = Release|x64
		Release|x86 = Release|x86
	EndGlobalSection
	GlobalSection(ProjectConfigurationPlatforms) = postSolution
		{883F3E35-7EAA-20C5-C665-DC0B5944897E}.Debug|Any CPU.ActiveCfg = Debug|Any CPU
		{883F3E35-7EAA-20C5-C665-DC0B5944897E}.Debug|Any CPU.Build.0 = Debug|Any CPU
		{883F3E35-7EAA-20C5-C665-DC0B5944897E}.Debug|x64.ActiveCfg = Debug|Any CPU
		{883F3E35-7EAA-20C5-C665-DC0B5944897E}.Debug|x64.Build.0 = Debug|Any CPU
		{883F3E35-7EAA-20C5-C665-DC0B5944897E}.Debug|x86.ActiveCfg = Debug|Any CPU
		{883F3E35-7EAA-20C5-C665-DC0B5944897E}.Debug|x86.Build.0 = Debug|Any CPU
		{883F3E35-7EAA-20C5-C665-DC0B5944897E}.Release|Any CPU.ActiveCfg = Release|Any CPU
		{883F3E35-7EAA-20C5-C665-DC0B5944897E}.Release|Any CPU.Build.0 = Release|Any CPU
		{883F3E35-7EAA-20C5-C665-DC0B5944897E}.Release|x64.ActiveCfg = Release|Any CPU
		{883F3E35-7EAA-20C5-C665-DC0B5944897E}.Release|x64.Build.0 = Release|Any CPU
		{883F3E35-7EAA-20C5-C665-DC0B5944897E}.Release|x86.ActiveCfg = Release|Any CPU
		{883F3E35-7EAA-20C5-C665-DC0B5944897E}.Release|x86.Build.0 = Release|Any CPU
		{F4A3CB0E-5DA9-2C07-5B33-B821585D284E}.Debug|Any CPU.ActiveCfg = Debug|Any CPU
		{F4A3CB0E-5DA9-2C07-5B33-B821585D284E}.Debug|Any CPU.Build.0 = Debug|Any CPU
		{F4A3CB0E-5DA9-2C07-5B33-B821585D284E}.Debug|x64.ActiveCfg = Debug|Any CPU
		{F4A3CB0E-5DA9-2C07-5B33-B821585D284E}.Debug|x64.Build.0 = Debug|Any CPU
		{F4A3CB0E-5DA9-2C07-5B33-B821585D284E}.Debug|x86.ActiveCfg = Debug|Any CPU
		{F4A3CB0E-5DA9-2C07-5B33-B821585D284E}.Debug|x86.Build.0 = Debug|Any CPU
		{F4A3CB0E-5DA9-2C07-5B33-B821585D284E}.Release|Any CPU.ActiveCfg = Release|Any CPU
		{F4A3CB0E-5DA9-2C07-5B33-B821585D284E}.Release|Any CPU.Build.0 = Release|Any CPU
		{F4A3CB0E-5DA9-2C07-5B33-B821585D284E}.Release|x64.ActiveCfg = Release|Any CPU
		{F4A3CB0E-5DA9-2C07-5B33-B821585D284E}.Release|x64.Build.0 = Release|Any CPU
		{F4A3CB0E-5DA9-2C07-5B33-B821585D284E}.Release|x86.ActiveCfg = Release|Any CPU
		{F4A3CB0E-5DA9-2C07-5B33-B821585D284E}.Release|x86.Build.0 = Release|Any CPU
		{6216DEEB-5BCB-43F2-F62A-B5AE156966EA}.Debug|Any CPU.ActiveCfg = Debug|Any CPU
		{6216DEEB-5BCB-43F2-F62A-B5AE156966EA}.Debug|Any CPU.Build.0 = Debug|Any CPU
		{6216DEEB-5BCB-43F2-F62A-B5AE156966EA}.Debug|x64.ActiveCfg = Debug|Any CPU
		{6216DEEB-5BCB-43F2-F62A-B5AE156966EA}.Debug|x64.Build.0 = Debug|Any CPU
		{6216DEEB-5BCB-43F2-F62A-B5AE156966EA}.Debug|x86.ActiveCfg = Debug|Any CPU
		{6216DEEB-5BCB-43F2-F62A-B5AE156966EA}.Debug|x86.Build.0 = Debug|Any CPU
		{6216DEEB-5BCB-43F2-F62A-B5AE156966EA}.Release|Any CPU.ActiveCfg = Release|Any CPU
		{6216DEEB-5BCB-43F2-F62A-B5AE156966EA}.Release|Any CPU.Build.0 = Release|Any CPU
		{6216DEEB-5BCB-43F2-F62A-B5AE156966EA}.Release|x64.ActiveCfg = Release|Any CPU
		{6216DEEB-5BCB-43F2-F62A-B5AE156966EA}.Release|x64.Build.0 = Release|Any CPU
		{6216DEEB-5BCB-43F2-F62A-B5AE156966EA}.Release|x86.ActiveCfg = Release|Any CPU
		{6216DEEB-5BCB-43F2-F62A-B5AE156966EA}.Release|x86.Build.0 = Release|Any CPU
		{F1D223F0-901D-9936-98BF-594EF67BD28D}.Debug|Any CPU.ActiveCfg = Debug|Any CPU
		{F1D223F0-901D-9936-98BF-594EF67BD28D}.Debug|Any CPU.Build.0 = Debug|Any CPU
		{F1D223F0-901D-9936-98BF-594EF67BD28D}.Debug|x64.ActiveCfg = Debug|Any CPU
		{F1D223F0-901D-9936-98BF-594EF67BD28D}.Debug|x64.Build.0 = Debug|Any CPU
		{F1D223F0-901D-9936-98BF-594EF67BD28D}.Debug|x86.ActiveCfg = Debug|Any CPU
		{F1D223F0-901D-9936-98BF-594EF67BD28D}.Debug|x86.Build.0 = Debug|Any CPU
		{F1D223F0-901D-9936-98BF-594EF67BD28D}.Release|Any CPU.ActiveCfg = Release|Any CPU
		{F1D223F0-901D-9936-98BF-594EF67BD28D}.Release|Any CPU.Build.0 = Release|Any CPU
		{F1D223F0-901D-9936-98BF-594EF67BD28D}.Release|x64.ActiveCfg = Release|Any CPU
		{F1D223F0-901D-9936-98BF-594EF67BD28D}.Release|x64.Build.0 = Release|Any CPU
		{F1D223F0-901D-9936-98BF-594EF67BD28D}.Release|x86.ActiveCfg = Release|Any CPU
		{F1D223F0-901D-9936-98BF-594EF67BD28D}.Release|x86.Build.0 = Release|Any CPU
		{FFBADDDF-271B-8DF0-B4C7-565823F0D253}.Debug|Any CPU.ActiveCfg = Debug|Any CPU
		{FFBADDDF-271B-8DF0-B4C7-565823F0D253}.Debug|Any CPU.Build.0 = Debug|Any CPU
		{FFBADDDF-271B-8DF0-B4C7-565823F0D253}.Debug|x64.ActiveCfg = Debug|Any CPU
		{FFBADDDF-271B-8DF0-B4C7-565823F0D253}.Debug|x64.Build.0 = Debug|Any CPU
		{FFBADDDF-271B-8DF0-B4C7-565823F0D253}.Debug|x86.ActiveCfg = Debug|Any CPU
		{FFBADDDF-271B-8DF0-B4C7-565823F0D253}.Debug|x86.Build.0 = Debug|Any CPU
		{FFBADDDF-271B-8DF0-B4C7-565823F0D253}.Release|Any CPU.ActiveCfg = Release|Any CPU
		{FFBADDDF-271B-8DF0-B4C7-565823F0D253}.Release|Any CPU.Build.0 = Release|Any CPU
		{FFBADDDF-271B-8DF0-B4C7-565823F0D253}.Release|x64.ActiveCfg = Release|Any CPU
		{FFBADDDF-271B-8DF0-B4C7-565823F0D253}.Release|x64.Build.0 = Release|Any CPU
		{FFBADDDF-271B-8DF0-B4C7-565823F0D253}.Release|x86.ActiveCfg = Release|Any CPU
		{FFBADDDF-271B-8DF0-B4C7-565823F0D253}.Release|x86.Build.0 = Release|Any CPU
		{D480954C-39F3-4A1C-B260-839ECC558EE1}.Debug|Any CPU.ActiveCfg = Debug|Any CPU
		{D480954C-39F3-4A1C-B260-839ECC558EE1}.Debug|Any CPU.Build.0 = Debug|Any CPU
		{D480954C-39F3-4A1C-B260-839ECC558EE1}.Debug|x64.ActiveCfg = Debug|Any CPU
		{D480954C-39F3-4A1C-B260-839ECC558EE1}.Debug|x64.Build.0 = Debug|Any CPU
		{D480954C-39F3-4A1C-B260-839ECC558EE1}.Debug|x86.ActiveCfg = Debug|Any CPU
		{D480954C-39F3-4A1C-B260-839ECC558EE1}.Debug|x86.Build.0 = Debug|Any CPU
		{D480954C-39F3-4A1C-B260-839ECC558EE1}.Release|Any CPU.ActiveCfg = Release|Any CPU
		{D480954C-39F3-4A1C-B260-839ECC558EE1}.Release|Any CPU.Build.0 = Release|Any CPU
		{D480954C-39F3-4A1C-B260-839ECC558EE1}.Release|x64.ActiveCfg = Release|Any CPU
		{D480954C-39F3-4A1C-B260-839ECC558EE1}.Release|x64.Build.0 = Release|Any CPU
		{D480954C-39F3-4A1C-B260-839ECC558EE1}.Release|x86.ActiveCfg = Release|Any CPU
		{D480954C-39F3-4A1C-B260-839ECC558EE1}.Release|x86.Build.0 = Release|Any CPU
		{5390B346-699B-5930-2B9A-BEA77FD9C8DB}.Debug|Any CPU.ActiveCfg = Debug|Any CPU
		{5390B346-699B-5930-2B9A-BEA77FD9C8DB}.Debug|Any CPU.Build.0 = Debug|Any CPU
		{5390B346-699B-5930-2B9A-BEA77FD9C8DB}.Debug|x64.ActiveCfg = Debug|Any CPU
		{5390B346-699B-5930-2B9A-BEA77FD9C8DB}.Debug|x64.Build.0 = Debug|Any CPU
		{5390B346-699B-5930-2B9A-BEA77FD9C8DB}.Debug|x86.ActiveCfg = Debug|Any CPU
		{5390B346-699B-5930-2B9A-BEA77FD9C8DB}.Debug|x86.Build.0 = Debug|Any CPU
		{5390B346-699B-5930-2B9A-BEA77FD9C8DB}.Release|Any CPU.ActiveCfg = Release|Any CPU
		{5390B346-699B-5930-2B9A-BEA77FD9C8DB}.Release|Any CPU.Build.0 = Release|Any CPU
		{5390B346-699B-5930-2B9A-BEA77FD9C8DB}.Release|x64.ActiveCfg = Release|Any CPU
		{5390B346-699B-5930-2B9A-BEA77FD9C8DB}.Release|x64.Build.0 = Release|Any CPU
		{5390B346-699B-5930-2B9A-BEA77FD9C8DB}.Release|x86.ActiveCfg = Release|Any CPU
		{5390B346-699B-5930-2B9A-BEA77FD9C8DB}.Release|x86.Build.0 = Release|Any CPU
		{F14D5EE9-2896-4CC1-91DD-6FD54D82D688}.Debug|Any CPU.ActiveCfg = Debug|Any CPU
		{F14D5EE9-2896-4CC1-91DD-6FD54D82D688}.Debug|Any CPU.Build.0 = Debug|Any CPU
		{F14D5EE9-2896-4CC1-91DD-6FD54D82D688}.Debug|x64.ActiveCfg = Debug|Any CPU
		{F14D5EE9-2896-4CC1-91DD-6FD54D82D688}.Debug|x64.Build.0 = Debug|Any CPU
		{F14D5EE9-2896-4CC1-91DD-6FD54D82D688}.Debug|x86.ActiveCfg = Debug|Any CPU
		{F14D5EE9-2896-4CC1-91DD-6FD54D82D688}.Debug|x86.Build.0 = Debug|Any CPU
		{F14D5EE9-2896-4CC1-91DD-6FD54D82D688}.Release|Any CPU.ActiveCfg = Release|Any CPU
		{F14D5EE9-2896-4CC1-91DD-6FD54D82D688}.Release|Any CPU.Build.0 = Release|Any CPU
		{F14D5EE9-2896-4CC1-91DD-6FD54D82D688}.Release|x64.ActiveCfg = Release|Any CPU
		{F14D5EE9-2896-4CC1-91DD-6FD54D82D688}.Release|x64.Build.0 = Release|Any CPU
		{F14D5EE9-2896-4CC1-91DD-6FD54D82D688}.Release|x86.ActiveCfg = Release|Any CPU
		{F14D5EE9-2896-4CC1-91DD-6FD54D82D688}.Release|x86.Build.0 = Release|Any CPU
		{E61DA3AA-F5C0-412B-9973-F762A28DD4FA}.Debug|Any CPU.ActiveCfg = Debug|Any CPU
		{E61DA3AA-F5C0-412B-9973-F762A28DD4FA}.Debug|Any CPU.Build.0 = Debug|Any CPU
		{E61DA3AA-F5C0-412B-9973-F762A28DD4FA}.Debug|x64.ActiveCfg = Debug|Any CPU
		{E61DA3AA-F5C0-412B-9973-F762A28DD4FA}.Debug|x64.Build.0 = Debug|Any CPU
		{E61DA3AA-F5C0-412B-9973-F762A28DD4FA}.Debug|x86.ActiveCfg = Debug|Any CPU
		{E61DA3AA-F5C0-412B-9973-F762A28DD4FA}.Debug|x86.Build.0 = Debug|Any CPU
		{E61DA3AA-F5C0-412B-9973-F762A28DD4FA}.Release|Any CPU.ActiveCfg = Release|Any CPU
		{E61DA3AA-F5C0-412B-9973-F762A28DD4FA}.Release|Any CPU.Build.0 = Release|Any CPU
		{E61DA3AA-F5C0-412B-9973-F762A28DD4FA}.Release|x64.ActiveCfg = Release|Any CPU
		{E61DA3AA-F5C0-412B-9973-F762A28DD4FA}.Release|x64.Build.0 = Release|Any CPU
		{E61DA3AA-F5C0-412B-9973-F762A28DD4FA}.Release|x86.ActiveCfg = Release|Any CPU
		{E61DA3AA-F5C0-412B-9973-F762A28DD4FA}.Release|x86.Build.0 = Release|Any CPU
		{FDF19296-C83B-4625-A39F-66D78A57E091}.Debug|Any CPU.ActiveCfg = Debug|Any CPU
		{FDF19296-C83B-4625-A39F-66D78A57E091}.Debug|Any CPU.Build.0 = Debug|Any CPU
		{FDF19296-C83B-4625-A39F-66D78A57E091}.Debug|x64.ActiveCfg = Debug|Any CPU
		{FDF19296-C83B-4625-A39F-66D78A57E091}.Debug|x64.Build.0 = Debug|Any CPU
		{FDF19296-C83B-4625-A39F-66D78A57E091}.Debug|x86.ActiveCfg = Debug|Any CPU
		{FDF19296-C83B-4625-A39F-66D78A57E091}.Debug|x86.Build.0 = Debug|Any CPU
		{FDF19296-C83B-4625-A39F-66D78A57E091}.Release|Any CPU.ActiveCfg = Release|Any CPU
		{FDF19296-C83B-4625-A39F-66D78A57E091}.Release|Any CPU.Build.0 = Release|Any CPU
		{FDF19296-C83B-4625-A39F-66D78A57E091}.Release|x64.ActiveCfg = Release|Any CPU
		{FDF19296-C83B-4625-A39F-66D78A57E091}.Release|x64.Build.0 = Release|Any CPU
		{FDF19296-C83B-4625-A39F-66D78A57E091}.Release|x86.ActiveCfg = Release|Any CPU
		{FDF19296-C83B-4625-A39F-66D78A57E091}.Release|x86.Build.0 = Release|Any CPU
		{FED8E4E9-D4BB-4081-BDA5-3B374982F2E5}.Debug|Any CPU.ActiveCfg = Debug|Any CPU
		{FED8E4E9-D4BB-4081-BDA5-3B374982F2E5}.Debug|Any CPU.Build.0 = Debug|Any CPU
		{FED8E4E9-D4BB-4081-BDA5-3B374982F2E5}.Debug|x64.ActiveCfg = Debug|Any CPU
		{FED8E4E9-D4BB-4081-BDA5-3B374982F2E5}.Debug|x64.Build.0 = Debug|Any CPU
		{FED8E4E9-D4BB-4081-BDA5-3B374982F2E5}.Debug|x86.ActiveCfg = Debug|Any CPU
		{FED8E4E9-D4BB-4081-BDA5-3B374982F2E5}.Debug|x86.Build.0 = Debug|Any CPU
		{FED8E4E9-D4BB-4081-BDA5-3B374982F2E5}.Release|Any CPU.ActiveCfg = Release|Any CPU
		{FED8E4E9-D4BB-4081-BDA5-3B374982F2E5}.Release|Any CPU.Build.0 = Release|Any CPU
		{FED8E4E9-D4BB-4081-BDA5-3B374982F2E5}.Release|x64.ActiveCfg = Release|Any CPU
		{FED8E4E9-D4BB-4081-BDA5-3B374982F2E5}.Release|x64.Build.0 = Release|Any CPU
		{FED8E4E9-D4BB-4081-BDA5-3B374982F2E5}.Release|x86.ActiveCfg = Release|Any CPU
		{FED8E4E9-D4BB-4081-BDA5-3B374982F2E5}.Release|x86.Build.0 = Release|Any CPU
		{81DDED9D-158B-E303-5F62-77A2896D2A5A}.Debug|Any CPU.ActiveCfg = Debug|Any CPU
		{81DDED9D-158B-E303-5F62-77A2896D2A5A}.Debug|Any CPU.Build.0 = Debug|Any CPU
		{81DDED9D-158B-E303-5F62-77A2896D2A5A}.Debug|x64.ActiveCfg = Debug|x64
		{81DDED9D-158B-E303-5F62-77A2896D2A5A}.Debug|x86.ActiveCfg = Debug|x86
		{81DDED9D-158B-E303-5F62-77A2896D2A5A}.Release|Any CPU.ActiveCfg = Release|Any CPU
		{81DDED9D-158B-E303-5F62-77A2896D2A5A}.Release|Any CPU.Build.0 = Release|Any CPU
		{81DDED9D-158B-E303-5F62-77A2896D2A5A}.Release|x64.ActiveCfg = Release|x64
		{81DDED9D-158B-E303-5F62-77A2896D2A5A}.Release|x86.ActiveCfg = Release|x86
		{14F8FEAF-947F-BD78-EF8F-048E0800789A}.Debug|Any CPU.ActiveCfg = Debug|Any CPU
		{14F8FEAF-947F-BD78-EF8F-048E0800789A}.Debug|Any CPU.Build.0 = Debug|Any CPU
		{14F8FEAF-947F-BD78-EF8F-048E0800789A}.Debug|x64.ActiveCfg = Debug|Any CPU
		{14F8FEAF-947F-BD78-EF8F-048E0800789A}.Debug|x64.Build.0 = Debug|Any CPU
		{14F8FEAF-947F-BD78-EF8F-048E0800789A}.Debug|x86.ActiveCfg = Debug|Any CPU
		{14F8FEAF-947F-BD78-EF8F-048E0800789A}.Debug|x86.Build.0 = Debug|Any CPU
		{14F8FEAF-947F-BD78-EF8F-048E0800789A}.Release|Any CPU.ActiveCfg = Release|Any CPU
		{14F8FEAF-947F-BD78-EF8F-048E0800789A}.Release|Any CPU.Build.0 = Release|Any CPU
		{14F8FEAF-947F-BD78-EF8F-048E0800789A}.Release|x64.ActiveCfg = Release|Any CPU
		{14F8FEAF-947F-BD78-EF8F-048E0800789A}.Release|x64.Build.0 = Release|Any CPU
		{14F8FEAF-947F-BD78-EF8F-048E0800789A}.Release|x86.ActiveCfg = Release|Any CPU
		{14F8FEAF-947F-BD78-EF8F-048E0800789A}.Release|x86.Build.0 = Release|Any CPU
		{EE67B73D-CC07-86A7-75EF-9F9E7F509FAA}.Debug|Any CPU.ActiveCfg = Debug|Any CPU
		{EE67B73D-CC07-86A7-75EF-9F9E7F509FAA}.Debug|Any CPU.Build.0 = Debug|Any CPU
		{EE67B73D-CC07-86A7-75EF-9F9E7F509FAA}.Debug|x64.ActiveCfg = Debug|Any CPU
		{EE67B73D-CC07-86A7-75EF-9F9E7F509FAA}.Debug|x64.Build.0 = Debug|Any CPU
		{EE67B73D-CC07-86A7-75EF-9F9E7F509FAA}.Debug|x86.ActiveCfg = Debug|Any CPU
		{EE67B73D-CC07-86A7-75EF-9F9E7F509FAA}.Debug|x86.Build.0 = Debug|Any CPU
		{EE67B73D-CC07-86A7-75EF-9F9E7F509FAA}.Release|Any CPU.ActiveCfg = Release|Any CPU
		{EE67B73D-CC07-86A7-75EF-9F9E7F509FAA}.Release|Any CPU.Build.0 = Release|Any CPU
		{EE67B73D-CC07-86A7-75EF-9F9E7F509FAA}.Release|x64.ActiveCfg = Release|Any CPU
		{EE67B73D-CC07-86A7-75EF-9F9E7F509FAA}.Release|x64.Build.0 = Release|Any CPU
		{EE67B73D-CC07-86A7-75EF-9F9E7F509FAA}.Release|x86.ActiveCfg = Release|Any CPU
		{EE67B73D-CC07-86A7-75EF-9F9E7F509FAA}.Release|x86.Build.0 = Release|Any CPU
		{F8FE8AD6-15FB-4BC1-C7CA-76C2437167E0}.Debug|Any CPU.ActiveCfg = Debug|Any CPU
		{F8FE8AD6-15FB-4BC1-C7CA-76C2437167E0}.Debug|Any CPU.Build.0 = Debug|Any CPU
		{F8FE8AD6-15FB-4BC1-C7CA-76C2437167E0}.Debug|x64.ActiveCfg = Debug|Any CPU
		{F8FE8AD6-15FB-4BC1-C7CA-76C2437167E0}.Debug|x64.Build.0 = Debug|Any CPU
		{F8FE8AD6-15FB-4BC1-C7CA-76C2437167E0}.Debug|x86.ActiveCfg = Debug|Any CPU
		{F8FE8AD6-15FB-4BC1-C7CA-76C2437167E0}.Debug|x86.Build.0 = Debug|Any CPU
		{F8FE8AD6-15FB-4BC1-C7CA-76C2437167E0}.Release|Any CPU.ActiveCfg = Release|Any CPU
		{F8FE8AD6-15FB-4BC1-C7CA-76C2437167E0}.Release|Any CPU.Build.0 = Release|Any CPU
		{F8FE8AD6-15FB-4BC1-C7CA-76C2437167E0}.Release|x64.ActiveCfg = Release|Any CPU
		{F8FE8AD6-15FB-4BC1-C7CA-76C2437167E0}.Release|x64.Build.0 = Release|Any CPU
		{F8FE8AD6-15FB-4BC1-C7CA-76C2437167E0}.Release|x86.ActiveCfg = Release|Any CPU
		{F8FE8AD6-15FB-4BC1-C7CA-76C2437167E0}.Release|x86.Build.0 = Release|Any CPU
		{89E0E40F-EE7B-CA86-9306-50FD7AC46871}.Debug|Any CPU.ActiveCfg = Debug|Any CPU
		{89E0E40F-EE7B-CA86-9306-50FD7AC46871}.Debug|Any CPU.Build.0 = Debug|Any CPU
		{89E0E40F-EE7B-CA86-9306-50FD7AC46871}.Debug|x64.ActiveCfg = Debug|Any CPU
		{89E0E40F-EE7B-CA86-9306-50FD7AC46871}.Debug|x64.Build.0 = Debug|Any CPU
		{89E0E40F-EE7B-CA86-9306-50FD7AC46871}.Debug|x86.ActiveCfg = Debug|Any CPU
		{89E0E40F-EE7B-CA86-9306-50FD7AC46871}.Debug|x86.Build.0 = Debug|Any CPU
		{89E0E40F-EE7B-CA86-9306-50FD7AC46871}.Release|Any CPU.ActiveCfg = Release|Any CPU
		{89E0E40F-EE7B-CA86-9306-50FD7AC46871}.Release|Any CPU.Build.0 = Release|Any CPU
		{89E0E40F-EE7B-CA86-9306-50FD7AC46871}.Release|x64.ActiveCfg = Release|Any CPU
		{89E0E40F-EE7B-CA86-9306-50FD7AC46871}.Release|x64.Build.0 = Release|Any CPU
		{89E0E40F-EE7B-CA86-9306-50FD7AC46871}.Release|x86.ActiveCfg = Release|Any CPU
		{89E0E40F-EE7B-CA86-9306-50FD7AC46871}.Release|x86.Build.0 = Release|Any CPU
		{01AE354A-B4CF-1AD2-42A8-F48B465EFBA0}.Debug|Any CPU.ActiveCfg = Debug|Any CPU
		{01AE354A-B4CF-1AD2-42A8-F48B465EFBA0}.Debug|Any CPU.Build.0 = Debug|Any CPU
		{01AE354A-B4CF-1AD2-42A8-F48B465EFBA0}.Debug|x64.ActiveCfg = Debug|Any CPU
		{01AE354A-B4CF-1AD2-42A8-F48B465EFBA0}.Debug|x64.Build.0 = Debug|Any CPU
		{01AE354A-B4CF-1AD2-42A8-F48B465EFBA0}.Debug|x86.ActiveCfg = Debug|Any CPU
		{01AE354A-B4CF-1AD2-42A8-F48B465EFBA0}.Debug|x86.Build.0 = Debug|Any CPU
		{01AE354A-B4CF-1AD2-42A8-F48B465EFBA0}.Release|Any CPU.ActiveCfg = Release|Any CPU
		{01AE354A-B4CF-1AD2-42A8-F48B465EFBA0}.Release|Any CPU.Build.0 = Release|Any CPU
		{01AE354A-B4CF-1AD2-42A8-F48B465EFBA0}.Release|x64.ActiveCfg = Release|Any CPU
		{01AE354A-B4CF-1AD2-42A8-F48B465EFBA0}.Release|x64.Build.0 = Release|Any CPU
		{01AE354A-B4CF-1AD2-42A8-F48B465EFBA0}.Release|x86.ActiveCfg = Release|Any CPU
		{01AE354A-B4CF-1AD2-42A8-F48B465EFBA0}.Release|x86.Build.0 = Release|Any CPU
		{A3733B52-7AA3-AE53-6870-1524EDE359A8}.Debug|Any CPU.ActiveCfg = Debug|Any CPU
		{A3733B52-7AA3-AE53-6870-1524EDE359A8}.Debug|Any CPU.Build.0 = Debug|Any CPU
		{A3733B52-7AA3-AE53-6870-1524EDE359A8}.Debug|x64.ActiveCfg = Debug|Any CPU
		{A3733B52-7AA3-AE53-6870-1524EDE359A8}.Debug|x64.Build.0 = Debug|Any CPU
		{A3733B52-7AA3-AE53-6870-1524EDE359A8}.Debug|x86.ActiveCfg = Debug|Any CPU
		{A3733B52-7AA3-AE53-6870-1524EDE359A8}.Debug|x86.Build.0 = Debug|Any CPU
		{A3733B52-7AA3-AE53-6870-1524EDE359A8}.Release|Any CPU.ActiveCfg = Release|Any CPU
		{A3733B52-7AA3-AE53-6870-1524EDE359A8}.Release|Any CPU.Build.0 = Release|Any CPU
		{A3733B52-7AA3-AE53-6870-1524EDE359A8}.Release|x64.ActiveCfg = Release|Any CPU
		{A3733B52-7AA3-AE53-6870-1524EDE359A8}.Release|x64.Build.0 = Release|Any CPU
		{A3733B52-7AA3-AE53-6870-1524EDE359A8}.Release|x86.ActiveCfg = Release|Any CPU
		{A3733B52-7AA3-AE53-6870-1524EDE359A8}.Release|x86.Build.0 = Release|Any CPU
		{500794A9-6BAD-4F99-D4CF-E10D42FC3D5A}.Debug|Any CPU.ActiveCfg = Debug|Any CPU
		{500794A9-6BAD-4F99-D4CF-E10D42FC3D5A}.Debug|Any CPU.Build.0 = Debug|Any CPU
		{500794A9-6BAD-4F99-D4CF-E10D42FC3D5A}.Debug|x64.ActiveCfg = Debug|Any CPU
		{500794A9-6BAD-4F99-D4CF-E10D42FC3D5A}.Debug|x64.Build.0 = Debug|Any CPU
		{500794A9-6BAD-4F99-D4CF-E10D42FC3D5A}.Debug|x86.ActiveCfg = Debug|Any CPU
		{500794A9-6BAD-4F99-D4CF-E10D42FC3D5A}.Debug|x86.Build.0 = Debug|Any CPU
		{500794A9-6BAD-4F99-D4CF-E10D42FC3D5A}.Release|Any CPU.ActiveCfg = Release|Any CPU
		{500794A9-6BAD-4F99-D4CF-E10D42FC3D5A}.Release|Any CPU.Build.0 = Release|Any CPU
		{500794A9-6BAD-4F99-D4CF-E10D42FC3D5A}.Release|x64.ActiveCfg = Release|Any CPU
		{500794A9-6BAD-4F99-D4CF-E10D42FC3D5A}.Release|x64.Build.0 = Release|Any CPU
		{500794A9-6BAD-4F99-D4CF-E10D42FC3D5A}.Release|x86.ActiveCfg = Release|Any CPU
		{500794A9-6BAD-4F99-D4CF-E10D42FC3D5A}.Release|x86.Build.0 = Release|Any CPU
		{EE311397-EC93-4A05-995F-DA36B51E5E92}.Debug|Any CPU.ActiveCfg = Debug|Any CPU
		{EE311397-EC93-4A05-995F-DA36B51E5E92}.Debug|Any CPU.Build.0 = Debug|Any CPU
		{EE311397-EC93-4A05-995F-DA36B51E5E92}.Debug|x64.ActiveCfg = Debug|Any CPU
		{EE311397-EC93-4A05-995F-DA36B51E5E92}.Debug|x64.Build.0 = Debug|Any CPU
		{EE311397-EC93-4A05-995F-DA36B51E5E92}.Debug|x86.ActiveCfg = Debug|Any CPU
		{EE311397-EC93-4A05-995F-DA36B51E5E92}.Debug|x86.Build.0 = Debug|Any CPU
		{EE311397-EC93-4A05-995F-DA36B51E5E92}.Release|Any CPU.ActiveCfg = Release|Any CPU
		{EE311397-EC93-4A05-995F-DA36B51E5E92}.Release|Any CPU.Build.0 = Release|Any CPU
		{EE311397-EC93-4A05-995F-DA36B51E5E92}.Release|x64.ActiveCfg = Release|Any CPU
		{EE311397-EC93-4A05-995F-DA36B51E5E92}.Release|x64.Build.0 = Release|Any CPU
		{EE311397-EC93-4A05-995F-DA36B51E5E92}.Release|x86.ActiveCfg = Release|Any CPU
		{EE311397-EC93-4A05-995F-DA36B51E5E92}.Release|x86.Build.0 = Release|Any CPU
		{041CF7D2-A34E-A5F2-3658-9835AA3B96FA}.Debug|Any CPU.ActiveCfg = Debug|Any CPU
		{041CF7D2-A34E-A5F2-3658-9835AA3B96FA}.Debug|Any CPU.Build.0 = Debug|Any CPU
		{041CF7D2-A34E-A5F2-3658-9835AA3B96FA}.Debug|x64.ActiveCfg = Debug|Any CPU
		{041CF7D2-A34E-A5F2-3658-9835AA3B96FA}.Debug|x64.Build.0 = Debug|Any CPU
		{041CF7D2-A34E-A5F2-3658-9835AA3B96FA}.Debug|x86.ActiveCfg = Debug|Any CPU
		{041CF7D2-A34E-A5F2-3658-9835AA3B96FA}.Debug|x86.Build.0 = Debug|Any CPU
		{041CF7D2-A34E-A5F2-3658-9835AA3B96FA}.Release|Any CPU.ActiveCfg = Debug|Any CPU
		{041CF7D2-A34E-A5F2-3658-9835AA3B96FA}.Release|Any CPU.Build.0 = Debug|Any CPU
		{041CF7D2-A34E-A5F2-3658-9835AA3B96FA}.Release|x64.ActiveCfg = Debug|Any CPU
		{041CF7D2-A34E-A5F2-3658-9835AA3B96FA}.Release|x64.Build.0 = Debug|Any CPU
		{041CF7D2-A34E-A5F2-3658-9835AA3B96FA}.Release|x86.ActiveCfg = Debug|Any CPU
		{041CF7D2-A34E-A5F2-3658-9835AA3B96FA}.Release|x86.Build.0 = Debug|Any CPU
	EndGlobalSection
	GlobalSection(SolutionProperties) = preSolution
		HideSolutionNode = FALSE
	EndGlobalSection
	GlobalSection(NestedProjects) = preSolution
		{7E38A6B7-7D0B-4645-B1A7-003B4F7954FF} = {26398278-34BE-48C1-8B5A-8671D17C961C}
		{586F961C-AE40-4725-AA81-DCA30FF4FBF2} = {26398278-34BE-48C1-8B5A-8671D17C961C}
		{DB9A3ECD-3394-4805-901C-86989A7637DE} = {26398278-34BE-48C1-8B5A-8671D17C961C}
		{8144A418-7F3B-4E64-AD23-41A831633F53} = {DB9A3ECD-3394-4805-901C-86989A7637DE}
		{883F3E35-7EAA-20C5-C665-DC0B5944897E} = {7E38A6B7-7D0B-4645-B1A7-003B4F7954FF}
		{F4A3CB0E-5DA9-2C07-5B33-B821585D284E} = {8144A418-7F3B-4E64-AD23-41A831633F53}
		{6216DEEB-5BCB-43F2-F62A-B5AE156966EA} = {8144A418-7F3B-4E64-AD23-41A831633F53}
		{F1D223F0-901D-9936-98BF-594EF67BD28D} = {6E2EA680-3804-42CA-8486-124CB9567D83}
		{6E2EA680-3804-42CA-8486-124CB9567D83} = {26398278-34BE-48C1-8B5A-8671D17C961C}
		{FFBADDDF-271B-8DF0-B4C7-565823F0D253} = {8144A418-7F3B-4E64-AD23-41A831633F53}
		{D480954C-39F3-4A1C-B260-839ECC558EE1} = {8144A418-7F3B-4E64-AD23-41A831633F53}
		{5390B346-699B-5930-2B9A-BEA77FD9C8DB} = {6E2EA680-3804-42CA-8486-124CB9567D83}
		{F14D5EE9-2896-4CC1-91DD-6FD54D82D688} = {6E2EA680-3804-42CA-8486-124CB9567D83}
		{E61DA3AA-F5C0-412B-9973-F762A28DD4FA} = {6E2EA680-3804-42CA-8486-124CB9567D83}
		{0241BCBB-060B-474C-BF3F-4E1F3DDCFFE0} = {DB9A3ECD-3394-4805-901C-86989A7637DE}
		{FDF19296-C83B-4625-A39F-66D78A57E091} = {0241BCBB-060B-474C-BF3F-4E1F3DDCFFE0}
		{FED8E4E9-D4BB-4081-BDA5-3B374982F2E5} = {0241BCBB-060B-474C-BF3F-4E1F3DDCFFE0}
		{14F8FEAF-947F-BD78-EF8F-048E0800789A} = {B8139FA0-F65F-4165-9124-8BF32A089EA4}
		{EE67B73D-CC07-86A7-75EF-9F9E7F509FAA} = {B8139FA0-F65F-4165-9124-8BF32A089EA4}
		{F8FE8AD6-15FB-4BC1-C7CA-76C2437167E0} = {B8139FA0-F65F-4165-9124-8BF32A089EA4}
		{89E0E40F-EE7B-CA86-9306-50FD7AC46871} = {B8139FA0-F65F-4165-9124-8BF32A089EA4}
		{01AE354A-B4CF-1AD2-42A8-F48B465EFBA0} = {B8139FA0-F65F-4165-9124-8BF32A089EA4}
		{A3733B52-7AA3-AE53-6870-1524EDE359A8} = {B8139FA0-F65F-4165-9124-8BF32A089EA4}
		{500794A9-6BAD-4F99-D4CF-E10D42FC3D5A} = {586F961C-AE40-4725-AA81-DCA30FF4FBF2}
		{EE311397-EC93-4A05-995F-DA36B51E5E92} = {6E2EA680-3804-42CA-8486-124CB9567D83}
		{722B7990-7615-47E4-9298-F445020CB82C} = {26398278-34BE-48C1-8B5A-8671D17C961C}
		{041CF7D2-A34E-A5F2-3658-9835AA3B96FA} = {722B7990-7615-47E4-9298-F445020CB82C}
	EndGlobalSection
	GlobalSection(ExtensibilityGlobals) = postSolution
		SolutionGuid = {B512325C-E320-4327-9EF0-FA698E197336}
	EndGlobalSection
EndGlobal
